[{<<"common">>,
  {git,"https://github.com/joq62/common.git",
       {ref,"fbc7a95d2ca31e3ba049058dc9f53569105b927b"}},
  0},
 {<<"config">>,
  {git,"https://github.com/joq62/config.git",
       {ref,"9ae65374b627cc367c503a88f0f2961ee8bd9528"}},
  0},
 {<<"node">>,
  {git,"https://github.com/joq62/node.git",
       {ref,"01879ed93ca5e76932cb36f699ba9d48839eb482"}},
  0},
 {<<"nodelog">>,
  {git,"https://github.com/joq62/nodelog.git",
       {ref,"9a5779cca8ee86f620aff78c7a02d043b919e0e4"}},
  0},
 {<<"sd">>,
  {git,"https://github.com/joq62/sd.git",
       {ref,"0e8276a51420cb4a8bf07d00e5009512cbfb865d"}},
  0}].
