[{<<"common">>,
  {git,"https://github.com/joq62/common.git",
       {ref,"8c8036941854246e511d64102e39581b3bfc81d2"}},
  0},
 {<<"config_app">>,
  {git,"https://github.com/joq62/config_app.git",
       {ref,"cdec85aec8a225cbc5aab186780776786de93133"}},
  0},
 {<<"nodelog">>,
  {git,"https://github.com/joq62/nodelog.git",
       {ref,"a3cd44cbf172cc52a1b5ebe80f003aeb38bbc299"}},
  0},
 {<<"sd_app">>,
  {git,"https://github.com/joq62/sd_app.git",
       {ref,"904215f2e95123fbefbf6df769bb015127e3e30a"}},
  0}].
