[{<<"common">>,
  {git,"https://github.com/joq62/common.git",
       {ref,"fbc7a95d2ca31e3ba049058dc9f53569105b927b"}},
  0},
 {<<"config">>,
  {git,"https://github.com/joq62/config.git",
       {ref,"1e7b2a1dbb50b196b1196073941db33d12a51fd4"}},
  0},
 {<<"etcd">>,
  {git,"https://github.com/joq62/etcd.git",
       {ref,"50479412371e7f56578602b4ccd974985cfbf52c"}},
  0},
 {<<"node">>,
  {git,"https://github.com/joq62/node.git",
       {ref,"282bb585b3264807a6f2ea181ca3aaec615ed32c"}},
  0},
 {<<"nodelog">>,
  {git,"https://github.com/joq62/nodelog.git",
       {ref,"9a5779cca8ee86f620aff78c7a02d043b919e0e4"}},
  0},
 {<<"sd">>,
  {git,"https://github.com/joq62/sd.git",
       {ref,"2e9d6d4218b5734aebe1c84ab84fe3b9c6fe98f0"}},
  0}].
